<?xml version="1.0" encoding="utf-8"?>
<Project ToolsVersion="4.0" xmlns="http://schemas.microsoft.com/developer/msbuild/2003">
  <ItemGroup>
    <Filter Include="ソース ファイル">
      <UniqueIdentifier>{4FC737F1-C7A5-4376-A066-2A32D752A2FF}</UniqueIdentifier>
      <Extensions>cpp;c;cc;cxx;def;odl;idl;hpj;bat;asm;asmx</Extensions>
    </Filter>
    <Filter Include="ヘッダー ファイル">
      <UniqueIdentifier>{93995380-89BD-4b04-88EB-625FBE52EBFB}</UniqueIdentifier>
      <Extensions>h;hpp;hxx;hm;inl;inc;xsd</Extensions>
    </Filter>
    <Filter Include="リソース ファイル">
      <UniqueIdentifier>{67DA6AB6-F800-4c08-8B7A-83BB121AAD01}</UniqueIdentifier>
      <Extensions>rc;ico;cur;bmp;dlg;rc2;rct;bin;rgs;gif;jpg;jpeg;jpe;resx;tiff;tif;png;wav;mfcribbon-ms</Extensions>
    </Filter>
    <Filter Include="生成されたファイル">
      <UniqueIdentifier>{c49c4375-c8c6-412d-8dc4-5abd45550bd1}</UniqueIdentifier>
      <SourceControlFiles>False</SourceControlFiles>
    </Filter>
  </ItemGroup>
  <ItemGroup>
    <ClCompile Include="DonutFunc.cpp">
      <Filter>ソース ファイル</Filter>
    </ClCompile>
    <ClCompile Include="ExpTabBand.cpp">
      <Filter>ソース ファイル</Filter>
    </ClCompile>
    <ClCompile Include="ExpTabBar_i.c">
      <Filter>生成されたファイル</Filter>
    </ClCompile>
    <ClCompile Include="IniFile.cpp">
      <Filter>ソース ファイル</Filter>
    </ClCompile>
    <ClCompile Include="Misc.cpp">
      <Filter>ソース ファイル</Filter>
    </ClCompile>
    <ClCompile Include="ReflectionWnd.cpp">
      <Filter>ソース ファイル</Filter>
    </ClCompile>
    <ClCompile Include="TabCtrl.cpp">
      <Filter>ソース ファイル</Filter>
    </ClCompile>
    <ClCompile Include="ExpTabBar.cpp">
      <Filter>ヘッダー ファイル</Filter>
    </ClCompile>
    <ClCompile Include="dllmain.cpp">
      <Filter>ヘッダー ファイル</Filter>
    </ClCompile>
    <ClCompile Include="stdafx.cpp">
      <Filter>ヘッダー ファイル</Filter>
    </ClCompile>
    <ClCompile Include="DataObject.cpp">
      <Filter>ソース ファイル</Filter>
    </ClCompile>
    <ClCompile Include="XmlFile.cpp">
      <Filter>ソース ファイル</Filter>
    </ClCompile>
    <ClCompile Include="TabCtrlImpl.cpp">
      <Filter>ソース ファイル</Filter>
    </ClCompile>
    <ClCompile Include="DonutTabBar.cpp">
      <Filter>ソース ファイル</Filter>
    </ClCompile>
  </ItemGroup>
  <ItemGroup>
    <ClInclude Include="dllmain.h">
      <Filter>ヘッダー ファイル</Filter>
    </ClInclude>
    <ClInclude Include="DonutFunc.h">
      <Filter>ソース ファイル</Filter>
    </ClInclude>
    <ClInclude Include="ExpTabBar_i.h">
      <Filter>生成されたファイル</Filter>
    </ClInclude>
    <ClInclude Include="HlinkDataObject.h">
      <Filter>ソース ファイル</Filter>
    </ClInclude>
    <ClInclude Include="IniFile.h">
      <Filter>ソース ファイル</Filter>
    </ClInclude>
    <ClInclude Include="Misc.h">
      <Filter>ソース ファイル</Filter>
    </ClInclude>
    <ClInclude Include="OleDragDropTabCtrl.h">
      <Filter>ソース ファイル</Filter>
    </ClInclude>
    <ClInclude Include="ReflectionWnd.h">
      <Filter>ソース ファイル</Filter>
    </ClInclude>
    <ClInclude Include="stdafx.h">
      <Filter>ヘッダー ファイル</Filter>
    </ClInclude>
    <ClInclude Include="TabCtrl.h">
      <Filter>ソース ファイル</Filter>
    </ClInclude>
    <ClInclude Include="targetver.h">
      <Filter>ヘッダー ファイル</Filter>
    </ClInclude>
    <ClInclude Include="ExpTabBand.h">
      <Filter>ソース ファイル</Filter>
    </ClInclude>
    <ClInclude Include="MtlDragDrop.h">
      <Filter>ソース ファイル</Filter>
    </ClInclude>
    <ClInclude Include="DataObject.h">
      <Filter>ソース ファイル</Filter>
    </ClInclude>
    <ClInclude Include="XmlFile.h">
      <Filter>ソース ファイル</Filter>
    </ClInclude>
    <ClInclude Include="TabCtrlImpl.h">
      <Filter>ソース ファイル</Filter>
    </ClInclude>
    <ClInclude Include="DonutTabBar.h">
      <Filter>ソース ファイル</Filter>
    </ClInclude>
    <ClInclude Include="ShellWrap.h">
      <Filter>ソース ファイル</Filter>
    </ClInclude>
    <ClInclude Include="Resource.h">
      <Filter>リソース ファイル</Filter>
    </ClInclude>
  </ItemGroup>
  <ItemGroup>
    <ResourceCompile Include="ExpTabBar.rc">
      <Filter>リソース ファイル</Filter>
    </ResourceCompile>
  </ItemGroup>
  <ItemGroup>
    <None Include="ExpTabBand.rgs">
      <Filter>リソース ファイル</Filter>
    </None>
    <None Include="ExpTabBar.rgs">
      <Filter>リソース ファイル</Filter>
    </None>
    <None Include="ReadMe.txt" />
    <None Include="ExpTabBar.def">
      <Filter>ヘッダー ファイル</Filter>
    </None>
    <None Include="res\NavigateLock.ico">
      <Filter>リソース ファイル</Filter>
    </None>
  </ItemGroup>
  <ItemGroup>
    <Midl Include="ExpTabBar.idl">
      <Filter>ヘッダー ファイル</Filter>
    </Midl>
  </ItemGroup>
</Project>